
Microsoft Visual Studio Solution File, Format Version 12.00
# Visual Studio Version 17
VisualStudioVersion = 17.11.35327.3
MinimumVisualStudioVersion = 10.0.40219.1
Project("{FAE04EC0-301F-11D3-BF4B-00C04F79EFBC}") = "WebApplication1", "WebApplication1\WebApplication1.csproj", "{1894AEBF-6CBD-4DE3-93FC-C12041CBD8AE}"
EndProject
Global
	GlobalSection(SolutionConfigurationPlatforms) = preSolution
		Debug|Any CPU = Debug|Any CPU
		Release|Any CPU = Release|Any CPU
	EndGlobalSection
	GlobalSection(ProjectConfigurationPlatforms) = postSolution
		{1894AEBF-6CBD-4DE3-93FC-C12041CBD8AE}.Debug|Any CPU.ActiveCfg = Debug|Any CPU
		{1894AEBF-6CBD-4DE3-93FC-C12041CBD8AE}.Debug|Any CPU.Build.0 = Debug|Any CPU
		{1894AEBF-6CBD-4DE3-93FC-C12041CBD8AE}.Release|Any CPU.ActiveCfg = Release|Any CPU
		{1894AEBF-6CBD-4DE3-93FC-C12041CBD8AE}.Release|Any CPU.Build.0 = Release|Any CPU
	EndGlobalSection
	GlobalSection(SolutionProperties) = preSolution
		HideSolutionNode = FALSE
	EndGlobalSection
	GlobalSection(ExtensibilityGlobals) = postSolution
		SolutionGuid = {3F352FBE-A427-4389-BF44-7149C58743C9}
	EndGlobalSection
EndGlobal
